
Microsoft Visual Studio Solution File, Format Version 12.00
# Visual Studio 15
VisualStudioVersion = 15.0.27428.2037
MinimumVisualStudioVersion = 10.0.40219.1
Project("{FAE04EC0-301F-11D3-BF4B-00C04F79EFBC}") = "Screen Capture Recorder", "Screen Capture Recorder\Screen Capture Recorder.csproj", "{5C86B17F-6241-4A9C-A195-641E43AF7EBD}"
EndProject
Global
	GlobalSection(SolutionConfigurationPlatforms) = preSolution
		Debug|Any CPU = Debug|Any CPU
		Release|Any CPU = Release|Any CPU
	EndGlobalSection
	GlobalSection(ProjectConfigurationPlatforms) = postSolution
		{5C86B17F-6241-4A9C-A195-641E43AF7EBD}.Debug|Any CPU.ActiveCfg = Debug|Any CPU
		{5C86B17F-6241-4A9C-A195-641E43AF7EBD}.Debug|Any CPU.Build.0 = Debug|Any CPU
		{5C86B17F-6241-4A9C-A195-641E43AF7EBD}.Release|Any CPU.ActiveCfg = Release|Any CPU
		{5C86B17F-6241-4A9C-A195-641E43AF7EBD}.Release|Any CPU.Build.0 = Release|Any CPU
	EndGlobalSection
	GlobalSection(SolutionProperties) = preSolution
		HideSolutionNode = FALSE
	EndGlobalSection
	GlobalSection(ExtensibilityGlobals) = postSolution
		SolutionGuid = {FCDFCB3F-CC1F-4CE0-A9A5-3416A9246A06}
	EndGlobalSection
EndGlobal
